// !$*UTF8*$!
{
	archiveVersion = 1;
	classes = {
	};
	objectVersion = 77;
	objects = {

/* Begin PBXBuildFile section */
		EF8FFFB92D8D6F18005BFDFE /* SwiftSMTP in Frameworks */ = {isa = PBXBuildFile; productRef = EF8FFFB82D8D6F18005BFDFE /* SwiftSMTP */; };
		EFAA8FB82D8873E700B04EA0 /* Auth in Frameworks */ = {isa = PBXBuildFile; productRef = EFAA8FB72D8873E700B04EA0 /* Auth */; };
		EFAA8FBA2D8873E700B04EA0 /* Functions in Frameworks */ = {isa = PBXBuildFile; productRef = EFAA8FB92D8873E700B04EA0 /* Functions */; };
		EFAA8FBC2D8873E700B04EA0 /* PostgREST in Frameworks */ = {isa = PBXBuildFile; productRef = EFAA8FBB2D8873E700B04EA0 /* PostgREST */; };
		EFAA8FBE2D8873E700B04EA0 /* Realtime in Frameworks */ = {isa = PBXBuildFile; productRef = EFAA8FBD2D8873E700B04EA0 /* Realtime */; };
		EFAA8FC02D8873E700B04EA0 /* Storage in Frameworks */ = {isa = PBXBuildFile; productRef = EFAA8FBF2D8873E700B04EA0 /* Storage */; };
		EFAA8FC22D8873E700B04EA0 /* Supabase in Frameworks */ = {isa = PBXBuildFile; productRef = EFAA8FC12D8873E700B04EA0 /* Supabase */; };
/* End PBXBuildFile section */

/* Begin PBXFileReference section */
		EFB4A69C2D884F810027A015 /* Team08_FMS.app */ = {isa = PBXFileReference; explicitFileType = wrapper.application; includeInIndex = 0; path = Team08_FMS.app; sourceTree = BUILT_PRODUCTS_DIR; };
/* End PBXFileReference section */

/* Begin PBXFileSystemSynchronizedRootGroup section */
		EFB4A69E2D884F810027A015 /* Team08_FMS */ = {
			isa = PBXFileSystemSynchronizedRootGroup;
			path = Team08_FMS;
			sourceTree = "<group>";
		};
/* End PBXFileSystemSynchronizedRootGroup section */

/* Begin PBXFrameworksBuildPhase section */
		EFB4A6992D884F810027A015 /* Frameworks */ = {
			isa = PBXFrameworksBuildPhase;
			buildActionMask = 2147483647;
			files = (
				EFAA8FBC2D8873E700B04EA0 /* PostgREST in Frameworks */,
				EFAA8FBA2D8873E700B04EA0 /* Functions in Frameworks */,
				EFAA8FC22D8873E700B04EA0 /* Supabase in Frameworks */,
				EFAA8FB82D8873E700B04EA0 /* Auth in Frameworks */,
				EFAA8FC02D8873E700B04EA0 /* Storage in Frameworks */,
				EF8FFFB92D8D6F18005BFDFE /* SwiftSMTP in Frameworks */,
				EFAA8FBE2D8873E700B04EA0 /* Realtime in Frameworks */,
			);
			runOnlyForDeploymentPostprocessing = 0;
		};
/* End PBXFrameworksBuildPhase section */

/* Begin PBXGroup section */
		EFB4A6932D884F810027A015 = {
			isa = PBXGroup;
			children = (
				EFB4A69E2D884F810027A015 /* Team08_FMS */,
				EFB4A69D2D884F810027A015 /* Products */,
			);
			sourceTree = "<group>";
		};
		EFB4A69D2D884F810027A015 /* Products */ = {
			isa = PBXGroup;
			children = (
				EFB4A69C2D884F810027A015 /* Team08_FMS.app */,
			);
			name = Products;
			sourceTree = "<group>";
		};
/* End PBXGroup section */

/* Begin PBXNativeTarget section */
		EFB4A69B2D884F810027A015 /* Team08_FMS */ = {
			isa = PBXNativeTarget;
			buildConfigurationList = EFB4A6AA2D884F830027A015 /* Build configuration list for PBXNativeTarget "Team08_FMS" */;
			buildPhases = (
				EFB4A6982D884F810027A015 /* Sources */,
				EFB4A6992D884F810027A015 /* Frameworks */,
				EFB4A69A2D884F810027A015 /* Resources */,
			);
			buildRules = (
			);
			dependencies = (
			);
			fileSystemSynchronizedGroups = (
				EFB4A69E2D884F810027A015 /* Team08_FMS */,
			);
			name = Team08_FMS;
			packageProductDependencies = (
				EFAA8FB72D8873E700B04EA0 /* Auth */,
				EFAA8FB92D8873E700B04EA0 /* Functions */,
				EFAA8FBB2D8873E700B04EA0 /* PostgREST */,
				EFAA8FBD2D8873E700B04EA0 /* Realtime */,
				EFAA8FBF2D8873E700B04EA0 /* Storage */,
				EFAA8FC12D8873E700B04EA0 /* Supabase */,
				EF8FFFB82D8D6F18005BFDFE /* SwiftSMTP */,
			);
			productName = Team08_FMS;
			productReference = EFB4A69C2D884F810027A015 /* Team08_FMS.app */;
			productType = "com.apple.product-type.application";
		};
/* End PBXNativeTarget section */

/* Begin PBXProject section */
		EFB4A6942D884F810027A015 /* Project object */ = {
			isa = PBXProject;
			attributes = {
				BuildIndependentTargetsInParallel = 1;
				LastSwiftUpdateCheck = 1620;
				LastUpgradeCheck = 1620;
				TargetAttributes = {
					EFB4A69B2D884F810027A015 = {
						CreatedOnToolsVersion = 16.2;
					};
				};
			};
			buildConfigurationList = EFB4A6972D884F810027A015 /* Build configuration list for PBXProject "Team08_FMS" */;
			developmentRegion = en;
			hasScannedForEncodings = 0;
			knownRegions = (
				en,
				Base,
				hi,
				es,
			);
			mainGroup = EFB4A6932D884F810027A015;
			minimizedProjectReferenceProxies = 1;
			packageReferences = (
				EFAA8FB62D8873E700B04EA0 /* XCRemoteSwiftPackageReference "supabase-swift" */,
				EF8FFFB72D8D6F18005BFDFE /* XCRemoteSwiftPackageReference "Swift-SMTP" */,
			);
			preferredProjectObjectVersion = 77;
			productRefGroup = EFB4A69D2D884F810027A015 /* Products */;
			projectDirPath = "";
			projectRoot = "";
			targets = (
				EFB4A69B2D884F810027A015 /* Team08_FMS */,
			);
		};
/* End PBXProject section */

/* Begin PBXResourcesBuildPhase section */
		EFB4A69A2D884F810027A015 /* Resources */ = {
			isa = PBXResourcesBuildPhase;
			buildActionMask = 2147483647;
			files = (
			);
			runOnlyForDeploymentPostprocessing = 0;
		};
/* End PBXResourcesBuildPhase section */

/* Begin PBXSourcesBuildPhase section */
		EFB4A6982D884F810027A015 /* Sources */ = {
			isa = PBXSourcesBuildPhase;
			buildActionMask = 2147483647;
			files = (
			);
			runOnlyForDeploymentPostprocessing = 0;
		};
/* End PBXSourcesBuildPhase section */

/* Begin XCBuildConfiguration section */
		EFB4A6A82D884F830027A015 /* Debug */ = {
			isa = XCBuildConfiguration;
			buildSettings = {
				ALWAYS_SEARCH_USER_PATHS = NO;
				ASSETCATALOG_COMPILER_GENERATE_SWIFT_ASSET_SYMBOL_EXTENSIONS = YES;
				CLANG_ANALYZER_NONNULL = YES;
				CLANG_ANALYZER_NUMBER_OBJECT_CONVERSION = YES_AGGRESSIVE;
				CLANG_CXX_LANGUAGE_STANDARD = "gnu++20";
				CLANG_ENABLE_MODULES = YES;
				CLANG_ENABLE_OBJC_ARC = YES;
				CLANG_ENABLE_OBJC_WEAK = YES;
				CLANG_WARN_BLOCK_CAPTURE_AUTORELEASING = YES;
				CLANG_WARN_BOOL_CONVERSION = YES;
				CLANG_WARN_COMMA = YES;
				CLANG_WARN_CONSTANT_CONVERSION = YES;
				CLANG_WARN_DEPRECATED_OBJC_IMPLEMENTATIONS = YES;
				CLANG_WARN_DIRECT_OBJC_ISA_USAGE = YES_ERROR;
				CLANG_WARN_DOCUMENTATION_COMMENTS = YES;
				CLANG_WARN_EMPTY_BODY = YES;
				CLANG_WARN_ENUM_CONVERSION = YES;
				CLANG_WARN_INFINITE_RECURSION = YES;
				CLANG_WARN_INT_CONVERSION = YES;
				CLANG_WARN_NON_LITERAL_NULL_CONVERSION = YES;
				CLANG_WARN_OBJC_IMPLICIT_RETAIN_SELF = YES;
				CLANG_WARN_OBJC_LITERAL_CONVERSION = YES;
				CLANG_WARN_OBJC_ROOT_CLASS = YES_ERROR;
				CLANG_WARN_QUOTED_INCLUDE_IN_FRAMEWORK_HEADER = YES;
				CLANG_WARN_RANGE_LOOP_ANALYSIS = YES;
				CLANG_WARN_STRICT_PROTOTYPES = YES;
				CLANG_WARN_SUSPICIOUS_MOVE = YES;
				CLANG_WARN_UNGUARDED_AVAILABILITY = YES_AGGRESSIVE;
				CLANG_WARN_UNREACHABLE_CODE = YES;
				CLANG_WARN__DUPLICATE_METHOD_MATCH = YES;
				COPY_PHASE_STRIP = NO;
				DEBUG_INFORMATION_FORMAT = dwarf;
				ENABLE_STRICT_OBJC_MSGSEND = YES;
				ENABLE_TESTABILITY = YES;
				ENABLE_USER_SCRIPT_SANDBOXING = YES;
				GCC_C_LANGUAGE_STANDARD = gnu17;
				GCC_DYNAMIC_NO_PIC = NO;
				GCC_NO_COMMON_BLOCKS = YES;
				GCC_OPTIMIZATION_LEVEL = 0;
				GCC_PREPROCESSOR_DEFINITIONS = (
					"DEBUG=1",
					"$(inherited)",
				);
				GCC_WARN_64_TO_32_BIT_CONVERSION = YES;
				GCC_WARN_ABOUT_RETURN_TYPE = YES_ERROR;
				GCC_WARN_UNDECLARED_SELECTOR = YES;
				GCC_WARN_UNINITIALIZED_AUTOS = YES_AGGRESSIVE;
				GCC_WARN_UNUSED_FUNCTION = YES;
				GCC_WARN_UNUSED_VARIABLE = YES;
				IPHONEOS_DEPLOYMENT_TARGET = 18.2;
				LOCALIZATION_PREFERS_STRING_CATALOGS = YES;
				MTL_ENABLE_DEBUG_INFO = INCLUDE_SOURCE;
				MTL_FAST_MATH = YES;
				ONLY_ACTIVE_ARCH = YES;
				SDKROOT = iphoneos;
				SWIFT_ACTIVE_COMPILATION_CONDITIONS = "DEBUG $(inherited)";
				SWIFT_OPTIMIZATION_LEVEL = "-Onone";
			};
			name = Debug;
		};
		EFB4A6A92D884F830027A015 /* Release */ = {
			isa = XCBuildConfiguration;
			buildSettings = {
				ALWAYS_SEARCH_USER_PATHS = NO;
				ASSETCATALOG_COMPILER_GENERATE_SWIFT_ASSET_SYMBOL_EXTENSIONS = YES;
				CLANG_ANALYZER_NONNULL = YES;
				CLANG_ANALYZER_NUMBER_OBJECT_CONVERSION = YES_AGGRESSIVE;
				CLANG_CXX_LANGUAGE_STANDARD = "gnu++20";
				CLANG_ENABLE_MODULES = YES;
				CLANG_ENABLE_OBJC_ARC = YES;
				CLANG_ENABLE_OBJC_WEAK = YES;
				CLANG_WARN_BLOCK_CAPTURE_AUTORELEASING = YES;
				CLANG_WARN_BOOL_CONVERSION = YES;
				CLANG_WARN_COMMA = YES;
				CLANG_WARN_CONSTANT_CONVERSION = YES;
				CLANG_WARN_DEPRECATED_OBJC_IMPLEMENTATIONS = YES;
				CLANG_WARN_DIRECT_OBJC_ISA_USAGE = YES_ERROR;
				CLANG_WARN_DOCUMENTATION_COMMENTS = YES;
				CLANG_WARN_EMPTY_BODY = YES;
				CLANG_WARN_ENUM_CONVERSION = YES;
				CLANG_WARN_INFINITE_RECURSION = YES;
				CLANG_WARN_INT_CONVERSION = YES;
				CLANG_WARN_NON_LITERAL_NULL_CONVERSION = YES;
				CLANG_WARN_OBJC_IMPLICIT_RETAIN_SELF = YES;
				CLANG_WARN_OBJC_LITERAL_CONVERSION = YES;
				CLANG_WARN_OBJC_ROOT_CLASS = YES_ERROR;
				CLANG_WARN_QUOTED_INCLUDE_IN_FRAMEWORK_HEADER = YES;
				CLANG_WARN_RANGE_LOOP_ANALYSIS = YES;
				CLANG_WARN_STRICT_PROTOTYPES = YES;
				CLANG_WARN_SUSPICIOUS_MOVE = YES;
				CLANG_WARN_UNGUARDED_AVAILABILITY = YES_AGGRESSIVE;
				CLANG_WARN_UNREACHABLE_CODE = YES;
				CLANG_WARN__DUPLICATE_METHOD_MATCH = YES;
				COPY_PHASE_STRIP = NO;
				DEBUG_INFORMATION_FORMAT = "dwarf-with-dsym";
				ENABLE_NS_ASSERTIONS = NO;
				ENABLE_STRICT_OBJC_MSGSEND = YES;
				ENABLE_USER_SCRIPT_SANDBOXING = YES;
				GCC_C_LANGUAGE_STANDARD = gnu17;
				GCC_NO_COMMON_BLOCKS = YES;
				GCC_WARN_64_TO_32_BIT_CONVERSION = YES;
				GCC_WARN_ABOUT_RETURN_TYPE = YES_ERROR;
				GCC_WARN_UNDECLARED_SELECTOR = YES;
				GCC_WARN_UNINITIALIZED_AUTOS = YES_AGGRESSIVE;
				GCC_WARN_UNUSED_FUNCTION = YES;
				GCC_WARN_UNUSED_VARIABLE = YES;
				IPHONEOS_DEPLOYMENT_TARGET = 18.2;
				LOCALIZATION_PREFERS_STRING_CATALOGS = YES;
				MTL_ENABLE_DEBUG_INFO = NO;
				MTL_FAST_MATH = YES;
				SDKROOT = iphoneos;
				SWIFT_COMPILATION_MODE = wholemodule;
				VALIDATE_PRODUCT = YES;
			};
			name = Release;
		};
		EFB4A6AB2D884F830027A015 /* Debug */ = {
			isa = XCBuildConfiguration;
			buildSettings = {
				ASSETCATALOG_COMPILER_APPICON_NAME = AppIcon;
				ASSETCATALOG_COMPILER_GLOBAL_ACCENT_COLOR_NAME = AccentColor;
				CODE_SIGN_STYLE = Automatic;
				CURRENT_PROJECT_VERSION = 1;
				DEVELOPMENT_ASSET_PATHS = "\"Team08_FMS/Preview Content\"";
				DEVELOPMENT_TEAM = "";
				ENABLE_PREVIEWS = YES;
				GENERATE_INFOPLIST_FILE = YES;
				INFOPLIST_KEY_NSLocationAlwaysAndWhenInUseUsageDescription = "We need your location to set pickup points for trips and calculate routes.";
				INFOPLIST_KEY_NSLocationAlwaysUsageDescription = "We need your location to set pickup points for trips and calculate routes.";
				INFOPLIST_KEY_NSLocationWhenInUseUsageDescription = "We need your location to set pickup points for trips and calculate routes.";
				INFOPLIST_KEY_UIApplicationSceneManifest_Generation = YES;
				INFOPLIST_KEY_UIApplicationSupportsIndirectInputEvents = YES;
				INFOPLIST_KEY_UILaunchScreen_Generation = YES;
				INFOPLIST_KEY_UISupportedInterfaceOrientations_iPad = "UIInterfaceOrientationPortrait UIInterfaceOrientationPortraitUpsideDown UIInterfaceOrientationLandscapeLeft UIInterfaceOrientationLandscapeRight";
				INFOPLIST_KEY_UISupportedInterfaceOrientations_iPhone = "UIInterfaceOrientationPortrait UIInterfaceOrientationLandscapeLeft UIInterfaceOrientationLandscapeRight";
				LD_RUNPATH_SEARCH_PATHS = (
					"$(inherited)",
					"@executable_path/Frameworks",
				);
				MARKETING_VERSION = 1.0;
				PRODUCT_BUNDLE_IDENTIFIER = com.isdp.Team08FMS;
				PRODUCT_NAME = "$(TARGET_NAME)";
				SWIFT_EMIT_LOC_STRINGS = YES;
				SWIFT_VERSION = 5.0;
				TARGETED_DEVICE_FAMILY = "1,2";
			};
			name = Debug;
		};
		EFB4A6AC2D884F830027A015 /* Release */ = {
			isa = XCBuildConfiguration;
			buildSettings = {
				ASSETCATALOG_COMPILER_APPICON_NAME = AppIcon;
				ASSETCATALOG_COMPILER_GLOBAL_ACCENT_COLOR_NAME = AccentColor;
				CODE_SIGN_STYLE = Automatic;
				CURRENT_PROJECT_VERSION = 1;
				DEVELOPMENT_ASSET_PATHS = "\"Team08_FMS/Preview Content\"";
				DEVELOPMENT_TEAM = "";
				ENABLE_PREVIEWS = YES;
				GENERATE_INFOPLIST_FILE = YES;
				INFOPLIST_KEY_NSLocationAlwaysAndWhenInUseUsageDescription = "We need your location to set pickup points for trips and calculate routes.";
				INFOPLIST_KEY_NSLocationAlwaysUsageDescription = "We need your location to set pickup points for trips and calculate routes.";
				INFOPLIST_KEY_NSLocationWhenInUseUsageDescription = "We need your location to set pickup points for trips and calculate routes.";
				INFOPLIST_KEY_UIApplicationSceneManifest_Generation = YES;
				INFOPLIST_KEY_UIApplicationSupportsIndirectInputEvents = YES;
				INFOPLIST_KEY_UILaunchScreen_Generation = YES;
				INFOPLIST_KEY_UISupportedInterfaceOrientations_iPad = "UIInterfaceOrientationPortrait UIInterfaceOrientationPortraitUpsideDown UIInterfaceOrientationLandscapeLeft UIInterfaceOrientationLandscapeRight";
				INFOPLIST_KEY_UISupportedInterfaceOrientations_iPhone = "UIInterfaceOrientationPortrait UIInterfaceOrientationLandscapeLeft UIInterfaceOrientationLandscapeRight";
				LD_RUNPATH_SEARCH_PATHS = (
					"$(inherited)",
					"@executable_path/Frameworks",
				);
				MARKETING_VERSION = 1.0;
				PRODUCT_BUNDLE_IDENTIFIER = com.isdp.Team08FMS;
				PRODUCT_NAME = "$(TARGET_NAME)";
				SWIFT_EMIT_LOC_STRINGS = YES;
				SWIFT_VERSION = 5.0;
				TARGETED_DEVICE_FAMILY = "1,2";
			};
			name = Release;
		};
/* End XCBuildConfiguration section */

/* Begin XCConfigurationList section */
		EFB4A6972D884F810027A015 /* Build configuration list for PBXProject "Team08_FMS" */ = {
			isa = XCConfigurationList;
			buildConfigurations = (
				EFB4A6A82D884F830027A015 /* Debug */,
				EFB4A6A92D884F830027A015 /* Release */,
			);
			defaultConfigurationIsVisible = 0;
			defaultConfigurationName = Release;
		};
		EFB4A6AA2D884F830027A015 /* Build configuration list for PBXNativeTarget "Team08_FMS" */ = {
			isa = XCConfigurationList;
			buildConfigurations = (
				EFB4A6AB2D884F830027A015 /* Debug */,
				EFB4A6AC2D884F830027A015 /* Release */,
			);
			defaultConfigurationIsVisible = 0;
			defaultConfigurationName = Release;
		};
/* End XCConfigurationList section */

/* Begin XCRemoteSwiftPackageReference section */
		EF8FFFB72D8D6F18005BFDFE /* XCRemoteSwiftPackageReference "Swift-SMTP" */ = {
			isa = XCRemoteSwiftPackageReference;
			repositoryURL = "https://github.com/Kitura/Swift-SMTP";
			requirement = {
				kind = upToNextMajorVersion;
				minimumVersion = 6.0.0;
			};
		};
		EFAA8FB62D8873E700B04EA0 /* XCRemoteSwiftPackageReference "supabase-swift" */ = {
			isa = XCRemoteSwiftPackageReference;
			repositoryURL = "https://github.com/supabase-community/supabase-swift";
			requirement = {
				kind = upToNextMajorVersion;
				minimumVersion = 2.5.1;
			};
		};
/* End XCRemoteSwiftPackageReference section */

/* Begin XCSwiftPackageProductDependency section */
		EF8FFFB82D8D6F18005BFDFE /* SwiftSMTP */ = {
			isa = XCSwiftPackageProductDependency;
			package = EF8FFFB72D8D6F18005BFDFE /* XCRemoteSwiftPackageReference "Swift-SMTP" */;
			productName = SwiftSMTP;
		};
		EFAA8FB72D8873E700B04EA0 /* Auth */ = {
			isa = XCSwiftPackageProductDependency;
			package = EFAA8FB62D8873E700B04EA0 /* XCRemoteSwiftPackageReference "supabase-swift" */;
			productName = Auth;
		};
		EFAA8FB92D8873E700B04EA0 /* Functions */ = {
			isa = XCSwiftPackageProductDependency;
			package = EFAA8FB62D8873E700B04EA0 /* XCRemoteSwiftPackageReference "supabase-swift" */;
			productName = Functions;
		};
		EFAA8FBB2D8873E700B04EA0 /* PostgREST */ = {
			isa = XCSwiftPackageProductDependency;
			package = EFAA8FB62D8873E700B04EA0 /* XCRemoteSwiftPackageReference "supabase-swift" */;
			productName = PostgREST;
		};
		EFAA8FBD2D8873E700B04EA0 /* Realtime */ = {
			isa = XCSwiftPackageProductDependency;
			package = EFAA8FB62D8873E700B04EA0 /* XCRemoteSwiftPackageReference "supabase-swift" */;
			productName = Realtime;
		};
		EFAA8FBF2D8873E700B04EA0 /* Storage */ = {
			isa = XCSwiftPackageProductDependency;
			package = EFAA8FB62D8873E700B04EA0 /* XCRemoteSwiftPackageReference "supabase-swift" */;
			productName = Storage;
		};
		EFAA8FC12D8873E700B04EA0 /* Supabase */ = {
			isa = XCSwiftPackageProductDependency;
			package = EFAA8FB62D8873E700B04EA0 /* XCRemoteSwiftPackageReference "supabase-swift" */;
			productName = Supabase;
		};
/* End XCSwiftPackageProductDependency section */
	};
	rootObject = EFB4A6942D884F810027A015 /* Project object */;
}
